
Microsoft Visual Studio Solution File, Format Version 12.00
# Visual Studio Version 16
VisualStudioVersion = 16.0.31702.278
MinimumVisualStudioVersion = 10.0.40219.1
Project("{8BC9CEB8-8B4A-11D0-8D11-00A0C91BC942}") = "Structures", "Structures\Structures.vcxproj", "{FF69970D-B98B-41EE-986A-F84DF14744F0}"
EndProject
Global
	GlobalSection(SolutionConfigurationPlatforms) = preSolution
		Debug|x64 = Debug|x64
		Debug|x86 = Debug|x86
		Release|x64 = Release|x64
		Release|x86 = Release|x86
	EndGlobalSection
	GlobalSection(ProjectConfigurationPlatforms) = postSolution
		{FF69970D-B98B-41EE-986A-F84DF14744F0}.Debug|x64.ActiveCfg = Debug|x64
		{FF69970D-B98B-41EE-986A-F84DF14744F0}.Debug|x64.Build.0 = Debug|x64
		{FF69970D-B98B-41EE-986A-F84DF14744F0}.Debug|x86.ActiveCfg = Debug|Win32
		{FF69970D-B98B-41EE-986A-F84DF14744F0}.Debug|x86.Build.0 = Debug|Win32
		{FF69970D-B98B-41EE-986A-F84DF14744F0}.Release|x64.ActiveCfg = Release|x64
		{FF69970D-B98B-41EE-986A-F84DF14744F0}.Release|x64.Build.0 = Release|x64
		{FF69970D-B98B-41EE-986A-F84DF14744F0}.Release|x86.ActiveCfg = Release|Win32
		{FF69970D-B98B-41EE-986A-F84DF14744F0}.Release|x86.Build.0 = Release|Win32
	EndGlobalSection
	GlobalSection(SolutionProperties) = preSolution
		HideSolutionNode = FALSE
	EndGlobalSection
	GlobalSection(ExtensibilityGlobals) = postSolution
		SolutionGuid = {0059B34B-174C-4109-85B1-D4F039ACE9DA}
	EndGlobalSection
EndGlobal
